{
  "version": "3",
  "packages": {
    "specifiers": {
      "jsr:@libs/typing@2": "jsr:@libs/typing@2.8.0",
      "jsr:@libs/xml@^5.4.12": "jsr:@libs/xml@5.4.12",
      "jsr:@std/assert": "jsr:@std/assert@1.0.0",
      "jsr:@std/fs@^0.229.3": "jsr:@std/fs@0.229.3",
      "jsr:@std/internal@^1.0.1": "jsr:@std/internal@1.0.1",
      "jsr:@std/path@1.0.0-rc.1": "jsr:@std/path@1.0.0-rc.1",
      "jsr:@std/path@^1.0.1": "jsr:@std/path@1.0.1",
      "jsr:@zip-js/zip-js@^2.7.47": "jsr:@zip-js/zip-js@2.7.47"
    },
    "jsr": {
      "@libs/typing@2.8.0": {
        "integrity": "92cb68fe9798fee525e810423c2346ee42a11b3d9955432c6a1d8e93a262aa39"
      },
      "@libs/xml@5.4.12": {
        "integrity": "57f0d480a40ba490c1f5efffda8f7bcf79812a351cdf014375093c6ec306c53d",
        "dependencies": [
          "jsr:@libs/typing@2"
        ]
      },
      "@std/assert@1.0.0": {
        "integrity": "0e4f6d873f7f35e2a1e6194ceee39686c996b9e5d134948e644d35d4c4df2008",
        "dependencies": [
          "jsr:@std/internal@^1.0.1"
        ]
      },
      "@std/fs@0.229.3": {
        "integrity": "783bca21f24da92e04c3893c9e79653227ab016c48e96b3078377ebd5222e6eb",
        "dependencies": [
          "jsr:@std/path@1.0.0-rc.1"
        ]
      },
      "@std/internal@1.0.1": {
        "integrity": "6f8c7544d06a11dd256c8d6ba54b11ed870aac6c5aeafff499892662c57673e6"
      },
      "@std/path@1.0.0-rc.1": {
        "integrity": "b8c00ae2f19106a6bb7cbf1ab9be52aa70de1605daeb2dbdc4f87a7cbaf10ff6"
      },
      "@std/path@1.0.1": {
        "integrity": "e061ff02c28481ca49e3a14981875c345e9fc7e973190672782cd0ac8af70428"
      },
      "@zip-js/zip-js@2.7.47": {
        "integrity": "791be037727e0adea3736a93ed10c4cd005a5dea907959a6df0a428c0beb7723"
      }
    }
  },
  "remote": {},
  "workspace": {
    "dependencies": [
      "jsr:@libs/xml@^5.4.12",
      "jsr:@luca/esbuild-deno-loader@^0.10.3",
      "jsr:@std/fs@^0.229.3",
      "jsr:@std/path@^1.0.1",
      "jsr:@zip-js/zip-js@^2.7.47",
      "npm:esbuild@^0.23.0"
    ]
  }
}
